
Microsoft Visual Studio Solution File, Format Version 12.00
# Visual Studio Version 17
VisualStudioVersion = 17.4.33403.182
MinimumVisualStudioVersion = 10.0.40219.1
Project("{FAE04EC0-301F-11D3-BF4B-00C04F79EFBC}") = "StudentAtttendenceMS", "StudentAtttendenceMS\StudentAtttendenceMS.csproj", "{30187DAD-77EF-4A4C-A43F-FD9C8F3EB095}"
EndProject
Global
	GlobalSection(SolutionConfigurationPlatforms) = preSolution
		Debug|Any CPU = Debug|Any CPU
		Release|Any CPU = Release|Any CPU
	EndGlobalSection
	GlobalSection(ProjectConfigurationPlatforms) = postSolution
		{30187DAD-77EF-4A4C-A43F-FD9C8F3EB095}.Debug|Any CPU.ActiveCfg = Debug|Any CPU
		{30187DAD-77EF-4A4C-A43F-FD9C8F3EB095}.Debug|Any CPU.Build.0 = Debug|Any CPU
		{30187DAD-77EF-4A4C-A43F-FD9C8F3EB095}.Release|Any CPU.ActiveCfg = Release|Any CPU
		{30187DAD-77EF-4A4C-A43F-FD9C8F3EB095}.Release|Any CPU.Build.0 = Release|Any CPU
	EndGlobalSection
	GlobalSection(SolutionProperties) = preSolution
		HideSolutionNode = FALSE
	EndGlobalSection
	GlobalSection(ExtensibilityGlobals) = postSolution
		SolutionGuid = {F11EA9C9-FF0A-425B-9CD7-A413A41D1BB1}
	EndGlobalSection
EndGlobal
